
Microsoft Visual Studio Solution File, Format Version 12.00
# Visual Studio 15
VisualStudioVersion = 15.0.28010.2016
MinimumVisualStudioVersion = 10.0.40219.1
Project("{8BC9CEB8-8B4A-11D0-8D11-00A0C91BC942}") = "정렬-선택", "정렬-선택\정렬-선택.vcxproj", "{D432D542-32AF-4F4B-997E-3A05852A4394}"
EndProject
Global
	GlobalSection(SolutionConfigurationPlatforms) = preSolution
		Debug|x64 = Debug|x64
		Debug|x86 = Debug|x86
		Release|x64 = Release|x64
		Release|x86 = Release|x86
	EndGlobalSection
	GlobalSection(ProjectConfigurationPlatforms) = postSolution
		{D432D542-32AF-4F4B-997E-3A05852A4394}.Debug|x64.ActiveCfg = Debug|x64
		{D432D542-32AF-4F4B-997E-3A05852A4394}.Debug|x64.Build.0 = Debug|x64
		{D432D542-32AF-4F4B-997E-3A05852A4394}.Debug|x86.ActiveCfg = Debug|Win32
		{D432D542-32AF-4F4B-997E-3A05852A4394}.Debug|x86.Build.0 = Debug|Win32
		{D432D542-32AF-4F4B-997E-3A05852A4394}.Release|x64.ActiveCfg = Release|x64
		{D432D542-32AF-4F4B-997E-3A05852A4394}.Release|x64.Build.0 = Release|x64
		{D432D542-32AF-4F4B-997E-3A05852A4394}.Release|x86.ActiveCfg = Release|Win32
		{D432D542-32AF-4F4B-997E-3A05852A4394}.Release|x86.Build.0 = Release|Win32
	EndGlobalSection
	GlobalSection(SolutionProperties) = preSolution
		HideSolutionNode = FALSE
	EndGlobalSection
	GlobalSection(ExtensibilityGlobals) = postSolution
		SolutionGuid = {1EB18473-9BA3-4015-B5BD-74E62797BF3A}
	EndGlobalSection
EndGlobal
